
Microsoft Visual Studio Solution File, Format Version 12.00
# Visual Studio Version 17
VisualStudioVersion = 17.3.32929.385
MinimumVisualStudioVersion = 10.0.40219.1
Project("{9A19103F-16F7-4668-BE54-9A1E7A4F7556}") = "Hockey_YW", "Hockey_YW.csproj", "{B4D56117-303B-4627-952D-DFB27A412C02}"
EndProject
Global
	GlobalSection(SolutionConfigurationPlatforms) = preSolution
		Debug|Any CPU = Debug|Any CPU
		Release|Any CPU = Release|Any CPU
	EndGlobalSection
	GlobalSection(ProjectConfigurationPlatforms) = postSolution
		{B4D56117-303B-4627-952D-DFB27A412C02}.Debug|Any CPU.ActiveCfg = Debug|Any CPU
		{B4D56117-303B-4627-952D-DFB27A412C02}.Debug|Any CPU.Build.0 = Debug|Any CPU
		{B4D56117-303B-4627-952D-DFB27A412C02}.Release|Any CPU.ActiveCfg = Release|Any CPU
		{B4D56117-303B-4627-952D-DFB27A412C02}.Release|Any CPU.Build.0 = Release|Any CPU
	EndGlobalSection
	GlobalSection(SolutionProperties) = preSolution
		HideSolutionNode = FALSE
	EndGlobalSection
	GlobalSection(ExtensibilityGlobals) = postSolution
		SolutionGuid = {998D7A34-69E7-4C89-BCD4-E73C5BEA99DF}
	EndGlobalSection
EndGlobal
